
Microsoft Visual Studio Solution File, Format Version 12.00
# Visual Studio Version 16
VisualStudioVersion = 16.0.33027.164
MinimumVisualStudioVersion = 10.0.40219.1
Project("{FAE04EC0-301F-11D3-BF4B-00C04F79EFBC}") = "test_Xml", "test_Xml\test_Xml.csproj", "{E261477B-A0A4-4C2E-9F57-3755016E4093}"
EndProject
Global
	GlobalSection(SolutionConfigurationPlatforms) = preSolution
		Debug|Any CPU = Debug|Any CPU
		Release|Any CPU = Release|Any CPU
	EndGlobalSection
	GlobalSection(ProjectConfigurationPlatforms) = postSolution
		{E261477B-A0A4-4C2E-9F57-3755016E4093}.Debug|Any CPU.ActiveCfg = Debug|Any CPU
		{E261477B-A0A4-4C2E-9F57-3755016E4093}.Debug|Any CPU.Build.0 = Debug|Any CPU
		{E261477B-A0A4-4C2E-9F57-3755016E4093}.Release|Any CPU.ActiveCfg = Release|Any CPU
		{E261477B-A0A4-4C2E-9F57-3755016E4093}.Release|Any CPU.Build.0 = Release|Any CPU
	EndGlobalSection
	GlobalSection(SolutionProperties) = preSolution
		HideSolutionNode = FALSE
	EndGlobalSection
	GlobalSection(ExtensibilityGlobals) = postSolution
		SolutionGuid = {265A0791-4872-447C-813D-65CC90573769}
	EndGlobalSection
EndGlobal
