
Microsoft Visual Studio Solution File, Format Version 12.00
# Visual Studio Version 16
VisualStudioVersion = 16.0.32407.337
MinimumVisualStudioVersion = 10.0.40219.1
Project("{FAE04EC0-301F-11D3-BF4B-00C04F79EFBC}") = "test_SplashScreen", "test_SplashScreen\test_SplashScreen.csproj", "{0E37A485-E10F-4E8E-AA86-DCBC93C5911B}"
EndProject
Global
	GlobalSection(SolutionConfigurationPlatforms) = preSolution
		Debug|Any CPU = Debug|Any CPU
		Release|Any CPU = Release|Any CPU
	EndGlobalSection
	GlobalSection(ProjectConfigurationPlatforms) = postSolution
		{0E37A485-E10F-4E8E-AA86-DCBC93C5911B}.Debug|Any CPU.ActiveCfg = Debug|Any CPU
		{0E37A485-E10F-4E8E-AA86-DCBC93C5911B}.Debug|Any CPU.Build.0 = Debug|Any CPU
		{0E37A485-E10F-4E8E-AA86-DCBC93C5911B}.Release|Any CPU.ActiveCfg = Release|Any CPU
		{0E37A485-E10F-4E8E-AA86-DCBC93C5911B}.Release|Any CPU.Build.0 = Release|Any CPU
	EndGlobalSection
	GlobalSection(SolutionProperties) = preSolution
		HideSolutionNode = FALSE
	EndGlobalSection
	GlobalSection(ExtensibilityGlobals) = postSolution
		SolutionGuid = {422564E5-1BED-4B52-AE26-B19337BADEA2}
	EndGlobalSection
EndGlobal
