
Microsoft Visual Studio Solution File, Format Version 12.00
# Visual Studio Version 16
VisualStudioVersion = 16.0.32510.428
MinimumVisualStudioVersion = 10.0.40219.1
Project("{FAE04EC0-301F-11D3-BF4B-00C04F79EFBC}") = "test_Setup", "test_Setup\test_Setup.csproj", "{CE20E3D0-B257-431F-B395-04C907A0C59B}"
EndProject
Project("{54435603-DBB4-11D2-8724-00A0C9A8B90C}") = "Setup1", "Setup1\Setup1.vdproj", "{4053B6A2-5DB8-4005-A3A5-CD0CAA3E5872}"
EndProject
Global
	GlobalSection(SolutionConfigurationPlatforms) = preSolution
		Debug|Any CPU = Debug|Any CPU
		Release|Any CPU = Release|Any CPU
	EndGlobalSection
	GlobalSection(ProjectConfigurationPlatforms) = postSolution
		{CE20E3D0-B257-431F-B395-04C907A0C59B}.Debug|Any CPU.ActiveCfg = Debug|Any CPU
		{CE20E3D0-B257-431F-B395-04C907A0C59B}.Debug|Any CPU.Build.0 = Debug|Any CPU
		{CE20E3D0-B257-431F-B395-04C907A0C59B}.Release|Any CPU.ActiveCfg = Release|Any CPU
		{CE20E3D0-B257-431F-B395-04C907A0C59B}.Release|Any CPU.Build.0 = Release|Any CPU
		{4053B6A2-5DB8-4005-A3A5-CD0CAA3E5872}.Debug|Any CPU.ActiveCfg = Debug
		{4053B6A2-5DB8-4005-A3A5-CD0CAA3E5872}.Release|Any CPU.ActiveCfg = Release
	EndGlobalSection
	GlobalSection(SolutionProperties) = preSolution
		HideSolutionNode = FALSE
	EndGlobalSection
	GlobalSection(ExtensibilityGlobals) = postSolution
		SolutionGuid = {30E641A5-0C7C-432F-9332-DB50DDF3084E}
	EndGlobalSection
EndGlobal
