
Microsoft Visual Studio Solution File, Format Version 12.00
# Visual Studio Version 16
VisualStudioVersion = 16.0.32510.428
MinimumVisualStudioVersion = 10.0.40219.1
Project("{FAE04EC0-301F-11D3-BF4B-00C04F79EFBC}") = "test_runAdmin", "test_runAdmin\test_runAdmin.csproj", "{7FED422A-E187-4144-8CE4-0EF6837D59CE}"
EndProject
Global
	GlobalSection(SolutionConfigurationPlatforms) = preSolution
		Debug|Any CPU = Debug|Any CPU
		Release|Any CPU = Release|Any CPU
	EndGlobalSection
	GlobalSection(ProjectConfigurationPlatforms) = postSolution
		{7FED422A-E187-4144-8CE4-0EF6837D59CE}.Debug|Any CPU.ActiveCfg = Debug|Any CPU
		{7FED422A-E187-4144-8CE4-0EF6837D59CE}.Debug|Any CPU.Build.0 = Debug|Any CPU
		{7FED422A-E187-4144-8CE4-0EF6837D59CE}.Release|Any CPU.ActiveCfg = Release|Any CPU
		{7FED422A-E187-4144-8CE4-0EF6837D59CE}.Release|Any CPU.Build.0 = Release|Any CPU
	EndGlobalSection
	GlobalSection(SolutionProperties) = preSolution
		HideSolutionNode = FALSE
	EndGlobalSection
	GlobalSection(ExtensibilityGlobals) = postSolution
		SolutionGuid = {6F5F6920-A586-4ACE-81F0-551EE9ED76E6}
	EndGlobalSection
EndGlobal
