
Microsoft Visual Studio Solution File, Format Version 12.00
# Visual Studio Version 16
VisualStudioVersion = 16.0.33027.164
MinimumVisualStudioVersion = 10.0.40219.1
Project("{FAE04EC0-301F-11D3-BF4B-00C04F79EFBC}") = "ErrorProvider", "ErrorProvider\ErrorProvider.csproj", "{5F59C166-B112-4A83-968A-0B8460BC22AB}"
EndProject
Global
	GlobalSection(SolutionConfigurationPlatforms) = preSolution
		Debug|Any CPU = Debug|Any CPU
		Release|Any CPU = Release|Any CPU
	EndGlobalSection
	GlobalSection(ProjectConfigurationPlatforms) = postSolution
		{5F59C166-B112-4A83-968A-0B8460BC22AB}.Debug|Any CPU.ActiveCfg = Debug|Any CPU
		{5F59C166-B112-4A83-968A-0B8460BC22AB}.Debug|Any CPU.Build.0 = Debug|Any CPU
		{5F59C166-B112-4A83-968A-0B8460BC22AB}.Release|Any CPU.ActiveCfg = Release|Any CPU
		{5F59C166-B112-4A83-968A-0B8460BC22AB}.Release|Any CPU.Build.0 = Release|Any CPU
	EndGlobalSection
	GlobalSection(SolutionProperties) = preSolution
		HideSolutionNode = FALSE
	EndGlobalSection
	GlobalSection(ExtensibilityGlobals) = postSolution
		SolutionGuid = {7A2433FD-BA4F-4510-BC67-FAB2E7A622BC}
	EndGlobalSection
EndGlobal
