
Microsoft Visual Studio Solution File, Format Version 12.00
# Visual Studio Version 16
VisualStudioVersion = 16.0.32510.428
MinimumVisualStudioVersion = 10.0.40219.1
Project("{FAE04EC0-301F-11D3-BF4B-00C04F79EFBC}") = "test_mergeCSV", "test_mergeCSV\test_mergeCSV.csproj", "{CC884564-D42F-493C-97DC-5AD57948442E}"
EndProject
Global
	GlobalSection(SolutionConfigurationPlatforms) = preSolution
		Debug|Any CPU = Debug|Any CPU
		Release|Any CPU = Release|Any CPU
	EndGlobalSection
	GlobalSection(ProjectConfigurationPlatforms) = postSolution
		{CC884564-D42F-493C-97DC-5AD57948442E}.Debug|Any CPU.ActiveCfg = Debug|Any CPU
		{CC884564-D42F-493C-97DC-5AD57948442E}.Debug|Any CPU.Build.0 = Debug|Any CPU
		{CC884564-D42F-493C-97DC-5AD57948442E}.Release|Any CPU.ActiveCfg = Release|Any CPU
		{CC884564-D42F-493C-97DC-5AD57948442E}.Release|Any CPU.Build.0 = Release|Any CPU
	EndGlobalSection
	GlobalSection(SolutionProperties) = preSolution
		HideSolutionNode = FALSE
	EndGlobalSection
	GlobalSection(ExtensibilityGlobals) = postSolution
		SolutionGuid = {DA3C7CBF-2896-4DB7-8668-F0FE4EBD59A9}
	EndGlobalSection
EndGlobal
