
Microsoft Visual Studio Solution File, Format Version 12.00
# Visual Studio Version 16
VisualStudioVersion = 16.0.32407.337
MinimumVisualStudioVersion = 10.0.40219.1
Project("{FAE04EC0-301F-11D3-BF4B-00C04F79EFBC}") = "test_Cursor", "test_Cursor\test_Cursor.csproj", "{EDAEFE2E-B779-48E6-8038-7BC0DE539E9B}"
EndProject
Global
	GlobalSection(SolutionConfigurationPlatforms) = preSolution
		Debug|Any CPU = Debug|Any CPU
		Release|Any CPU = Release|Any CPU
	EndGlobalSection
	GlobalSection(ProjectConfigurationPlatforms) = postSolution
		{EDAEFE2E-B779-48E6-8038-7BC0DE539E9B}.Debug|Any CPU.ActiveCfg = Debug|Any CPU
		{EDAEFE2E-B779-48E6-8038-7BC0DE539E9B}.Debug|Any CPU.Build.0 = Debug|Any CPU
		{EDAEFE2E-B779-48E6-8038-7BC0DE539E9B}.Release|Any CPU.ActiveCfg = Release|Any CPU
		{EDAEFE2E-B779-48E6-8038-7BC0DE539E9B}.Release|Any CPU.Build.0 = Release|Any CPU
	EndGlobalSection
	GlobalSection(SolutionProperties) = preSolution
		HideSolutionNode = FALSE
	EndGlobalSection
	GlobalSection(ExtensibilityGlobals) = postSolution
		SolutionGuid = {D59E1E56-77AA-4DE9-AB59-BC44A527A8D1}
	EndGlobalSection
EndGlobal
