
Microsoft Visual Studio Solution File, Format Version 12.00
# Visual Studio Version 16
VisualStudioVersion = 16.0.33027.164
MinimumVisualStudioVersion = 10.0.40219.1
Project("{FAE04EC0-301F-11D3-BF4B-00C04F79EFBC}") = "test_Delegate", "test_Delegate\test_Delegate.csproj", "{4437FBC5-7CE3-4F80-B932-2D5459B8A3CD}"
EndProject
Global
	GlobalSection(SolutionConfigurationPlatforms) = preSolution
		Debug|Any CPU = Debug|Any CPU
		Release|Any CPU = Release|Any CPU
	EndGlobalSection
	GlobalSection(ProjectConfigurationPlatforms) = postSolution
		{4437FBC5-7CE3-4F80-B932-2D5459B8A3CD}.Debug|Any CPU.ActiveCfg = Debug|Any CPU
		{4437FBC5-7CE3-4F80-B932-2D5459B8A3CD}.Debug|Any CPU.Build.0 = Debug|Any CPU
		{4437FBC5-7CE3-4F80-B932-2D5459B8A3CD}.Release|Any CPU.ActiveCfg = Release|Any CPU
		{4437FBC5-7CE3-4F80-B932-2D5459B8A3CD}.Release|Any CPU.Build.0 = Release|Any CPU
	EndGlobalSection
	GlobalSection(SolutionProperties) = preSolution
		HideSolutionNode = FALSE
	EndGlobalSection
	GlobalSection(ExtensibilityGlobals) = postSolution
		SolutionGuid = {D74A115D-DE41-459E-840E-927711F0DCF9}
	EndGlobalSection
EndGlobal
