
Microsoft Visual Studio Solution File, Format Version 12.00
# Visual Studio Version 16
VisualStudioVersion = 16.0.32510.428
MinimumVisualStudioVersion = 10.0.40219.1
Project("{FAE04EC0-301F-11D3-BF4B-00C04F79EFBC}") = "test_Binding", "test_Binding\test_Binding.csproj", "{3FA9AC26-EC3E-4A77-A6D4-3A2F9E702BAA}"
EndProject
Global
	GlobalSection(SolutionConfigurationPlatforms) = preSolution
		Debug|Any CPU = Debug|Any CPU
		Release|Any CPU = Release|Any CPU
	EndGlobalSection
	GlobalSection(ProjectConfigurationPlatforms) = postSolution
		{3FA9AC26-EC3E-4A77-A6D4-3A2F9E702BAA}.Debug|Any CPU.ActiveCfg = Debug|Any CPU
		{3FA9AC26-EC3E-4A77-A6D4-3A2F9E702BAA}.Debug|Any CPU.Build.0 = Debug|Any CPU
		{3FA9AC26-EC3E-4A77-A6D4-3A2F9E702BAA}.Release|Any CPU.ActiveCfg = Release|Any CPU
		{3FA9AC26-EC3E-4A77-A6D4-3A2F9E702BAA}.Release|Any CPU.Build.0 = Release|Any CPU
	EndGlobalSection
	GlobalSection(SolutionProperties) = preSolution
		HideSolutionNode = FALSE
	EndGlobalSection
	GlobalSection(ExtensibilityGlobals) = postSolution
		SolutionGuid = {92F364E7-FC16-4717-92F0-A90B6B7FB328}
	EndGlobalSection
EndGlobal
