
Microsoft Visual Studio Solution File, Format Version 12.00
# Visual Studio Version 16
VisualStudioVersion = 16.0.32510.428
MinimumVisualStudioVersion = 10.0.40219.1
Project("{FAE04EC0-301F-11D3-BF4B-00C04F79EFBC}") = "MyCOMObj", "MyCOMObj.csproj", "{A6A091BB-B804-419D-B9A8-E4295B9342AA}"
EndProject
Global
	GlobalSection(SolutionConfigurationPlatforms) = preSolution
		Debug|Any CPU = Debug|Any CPU
		Release|Any CPU = Release|Any CPU
	EndGlobalSection
	GlobalSection(ProjectConfigurationPlatforms) = postSolution
		{A6A091BB-B804-419D-B9A8-E4295B9342AA}.Debug|Any CPU.ActiveCfg = Debug|x86
		{A6A091BB-B804-419D-B9A8-E4295B9342AA}.Debug|Any CPU.Build.0 = Debug|x86
		{A6A091BB-B804-419D-B9A8-E4295B9342AA}.Release|Any CPU.ActiveCfg = Release|Any CPU
		{A6A091BB-B804-419D-B9A8-E4295B9342AA}.Release|Any CPU.Build.0 = Release|Any CPU
	EndGlobalSection
	GlobalSection(SolutionProperties) = preSolution
		HideSolutionNode = FALSE
	EndGlobalSection
	GlobalSection(ExtensibilityGlobals) = postSolution
		SolutionGuid = {6AC5AF43-48B8-4523-87C9-045BEF851D9A}
	EndGlobalSection
EndGlobal
