
Microsoft Visual Studio Solution File, Format Version 12.00
# Visual Studio Version 16
VisualStudioVersion = 16.0.32002.261
MinimumVisualStudioVersion = 10.0.40219.1
Project("{FAE04EC0-301F-11D3-BF4B-00C04F79EFBC}") = "test_DataGrid", "test_DataGrid\test_DataGrid.csproj", "{473EE8CE-6A2D-4128-AADC-5BEF36E5AFDA}"
EndProject
Global
	GlobalSection(SolutionConfigurationPlatforms) = preSolution
		Debug|Any CPU = Debug|Any CPU
		Release|Any CPU = Release|Any CPU
	EndGlobalSection
	GlobalSection(ProjectConfigurationPlatforms) = postSolution
		{473EE8CE-6A2D-4128-AADC-5BEF36E5AFDA}.Debug|Any CPU.ActiveCfg = Debug|Any CPU
		{473EE8CE-6A2D-4128-AADC-5BEF36E5AFDA}.Debug|Any CPU.Build.0 = Debug|Any CPU
		{473EE8CE-6A2D-4128-AADC-5BEF36E5AFDA}.Release|Any CPU.ActiveCfg = Release|Any CPU
		{473EE8CE-6A2D-4128-AADC-5BEF36E5AFDA}.Release|Any CPU.Build.0 = Release|Any CPU
	EndGlobalSection
	GlobalSection(SolutionProperties) = preSolution
		HideSolutionNode = FALSE
	EndGlobalSection
	GlobalSection(ExtensibilityGlobals) = postSolution
		SolutionGuid = {ADBD166F-1A24-4893-A00C-2D17100B794D}
	EndGlobalSection
EndGlobal
