
Microsoft Visual Studio Solution File, Format Version 12.00
# Visual Studio Version 16
VisualStudioVersion = 16.0.32510.428
MinimumVisualStudioVersion = 10.0.40219.1
Project("{FAE04EC0-301F-11D3-BF4B-00C04F79EFBC}") = "test_ScreenSaver", "test_ScreenSaver\test_ScreenSaver.csproj", "{C8A0F08A-BDB3-4E00-9D1C-BD523BE98F5A}"
EndProject
Global
	GlobalSection(SolutionConfigurationPlatforms) = preSolution
		Debug|Any CPU = Debug|Any CPU
		Release|Any CPU = Release|Any CPU
	EndGlobalSection
	GlobalSection(ProjectConfigurationPlatforms) = postSolution
		{C8A0F08A-BDB3-4E00-9D1C-BD523BE98F5A}.Debug|Any CPU.ActiveCfg = Debug|Any CPU
		{C8A0F08A-BDB3-4E00-9D1C-BD523BE98F5A}.Debug|Any CPU.Build.0 = Debug|Any CPU
		{C8A0F08A-BDB3-4E00-9D1C-BD523BE98F5A}.Release|Any CPU.ActiveCfg = Release|Any CPU
		{C8A0F08A-BDB3-4E00-9D1C-BD523BE98F5A}.Release|Any CPU.Build.0 = Release|Any CPU
	EndGlobalSection
	GlobalSection(SolutionProperties) = preSolution
		HideSolutionNode = FALSE
	EndGlobalSection
	GlobalSection(ExtensibilityGlobals) = postSolution
		SolutionGuid = {5653A56F-5AEB-48C0-8353-B889E7EA75B2}
	EndGlobalSection
EndGlobal
